
Microsoft Visual Studio Solution File, Format Version 12.00
# Visual Studio Version 17
VisualStudioVersion = 17.1.32210.238
MinimumVisualStudioVersion = 10.0.40219.1
Project("{FAE04EC0-301F-11D3-BF4B-00C04F79EFBC}") = "modul3_1302200089", "modul3_1302200089\modul3_1302200089.csproj", "{11B29642-103E-4860-A22D-7A36401C5A18}"
EndProject
Global
	GlobalSection(SolutionConfigurationPlatforms) = preSolution
		Debug|Any CPU = Debug|Any CPU
		Release|Any CPU = Release|Any CPU
	EndGlobalSection
	GlobalSection(ProjectConfigurationPlatforms) = postSolution
		{11B29642-103E-4860-A22D-7A36401C5A18}.Debug|Any CPU.ActiveCfg = Debug|Any CPU
		{11B29642-103E-4860-A22D-7A36401C5A18}.Debug|Any CPU.Build.0 = Debug|Any CPU
		{11B29642-103E-4860-A22D-7A36401C5A18}.Release|Any CPU.ActiveCfg = Release|Any CPU
		{11B29642-103E-4860-A22D-7A36401C5A18}.Release|Any CPU.Build.0 = Release|Any CPU
	EndGlobalSection
	GlobalSection(SolutionProperties) = preSolution
		HideSolutionNode = FALSE
	EndGlobalSection
	GlobalSection(ExtensibilityGlobals) = postSolution
		SolutionGuid = {CF5CC84F-250F-45E8-8B50-4FFAA54E4C25}
	EndGlobalSection
EndGlobal
